PODS:
  - bxmap_location (0.0.1):
    - Flutter
  - Flutter (1.0.0)
  - "permission_handler (5.1.0+2)":
    - Flutter

DEPENDENCIES:
  - bxmap_location (from `.symlinks/plugins/bxmap_location/ios`)
  - Flutter (from `Flutter`)
  - permission_handler (from `.symlinks/plugins/permission_handler/ios`)

EXTERNAL SOURCES:
  bxmap_location:
    :path: ".symlinks/plugins/bxmap_location/ios"
  Flutter:
    :path: Flutter
  permission_handler:
    :path: ".symlinks/plugins/permission_handler/ios"

SPEC CHECKSUMS:
  bxmap_location: 37b83d41705a9b1230683565e3872715b9b034ce
  Flutter: 434fef37c0980e73bb6479ef766c45957d4b510c
  permission_handler: ccb20a9fad0ee9b1314a52b70b76b473c5f8dab0

PODFILE CHECKSUM: 8e679eca47255a8ca8067c4c67aab20e64cb974d

COCOAPODS: 1.11.2
